# THIS IS AN AUTOGENERATED FILE. DO NOT EDIT THIS FILE DIRECTLY.
# yarn lockfile v1


Base64@~0.1.2:
  version "0.1.4"
  resolved "https://registry.yarnpkg.com/Base64/-/Base64-0.1.4.tgz#e9f6c6bef567fd635ea4162ab14dd329e74aa6de"

JSONStream@~0.4.3:
  version "0.4.4"
  resolved "https://registry.yarnpkg.com/JSONStream/-/JSONStream-0.4.4.tgz#cc2cf119286c45be150423cbc128d480e9b54ae2"
  dependencies:
    jsonparse "0.0.5"

JSONStream@~0.6.4:
  version "0.6.4"
  resolved "https://registry.yarnpkg.com/JSONStream/-/JSONStream-0.6.4.tgz#4b2c8063f8f512787b2375f7ee9db69208fa2dcb"
  dependencies:
    jsonparse "0.0.5"
    through "~2.2.7"

amdefine@>=0.0.4:
  version "1.0.1"
  resolved "https://registry.yarnpkg.com/amdefine/-/amdefine-1.0.1.tgz#4a5282ac164729e93619bcfd3ad151f817ce91f5"

archiver@~0.4.10:
  version "0.4.10"
  resolved "https://registry.yarnpkg.com/archiver/-/archiver-0.4.10.tgz#df0feac8f1d1295e5eceb3a205559072d21f4747"
  dependencies:
    iconv-lite "~0.2.11"
    readable-stream "~1.0.2"

argparse@~0.1.4:
  version "0.1.16"
  resolved "https://registry.yarnpkg.com/argparse/-/argparse-0.1.16.tgz#cfd01e0fbba3d6caed049fbd758d40f65196f57c"
  dependencies:
    underscore "~1.7.0"
    underscore.string "~2.4.0"

asn1@0.1.11:
  version "0.1.11"
  resolved "https://registry.yarnpkg.com/asn1/-/asn1-0.1.11.tgz#559be18376d08a4ec4dbe80877d27818639b2df7"

assert-plus@0.1.2:
  version "0.1.2"
  resolved "https://registry.yarnpkg.com/assert-plus/-/assert-plus-0.1.2.tgz#d93ffdbb67ac5507779be316a7d65146417beef8"

astw@~0.0.0:
  version "0.0.0"
  resolved "https://registry.yarnpkg.com/astw/-/astw-0.0.0.tgz#4490866a3ef116aaf91adba63ca7ddf70b6d59bd"
  dependencies:
    esprima "1.0.2"

async@~0.2.6, async@~0.2.7, async@~0.2.9:
  version "0.2.10"
  resolved "https://registry.yarnpkg.com/async/-/async-0.2.10.tgz#b6bbe0b0674b9d719708ca38de8c237cb526c3d1"

aws-sign@~0.3.0:
  version "0.3.0"
  resolved "https://registry.yarnpkg.com/aws-sign/-/aws-sign-0.3.0.tgz#3d81ca69b474b1e16518728b51c24ff0bbedc6e9"

base64-js@0.0.2:
  version "0.0.2"
  resolved "https://registry.yarnpkg.com/base64-js/-/base64-js-0.0.2.tgz#024f0f72afa25b75f9c0ee73cd4f55ec1bed9784"

base64-js@0.0.8:
  version "0.0.8"
  resolved "https://registry.yarnpkg.com/base64-js/-/base64-js-0.0.8.tgz#1101e9544f4a76b1bc3b26d452ca96d7a35e7978"

batch@0.5.0:
  version "0.5.0"
  resolved "https://registry.yarnpkg.com/batch/-/batch-0.5.0.tgz#fd2e05a7a5d696b4db9314013e285d8ff3557ec3"

boom@0.4.x:
  version "0.4.2"
  resolved "https://registry.yarnpkg.com/boom/-/boom-0.4.2.tgz#7a636e9ded4efcefb19cef4947a3c67dfaee911b"
  dependencies:
    hoek "0.9.x"

bops@0.0.6:
  version "0.0.6"
  resolved "https://registry.yarnpkg.com/bops/-/bops-0.0.6.tgz#082d1d55fa01e60dbdc2ebc2dba37f659554cf3a"
  dependencies:
    base64-js "0.0.2"
    to-utf8 "0.0.1"

bouncy@3.2.1:
  version "3.2.1"
  resolved "https://registry.yarnpkg.com/bouncy/-/bouncy-3.2.1.tgz#e5ac8ab755f740553f3923298f8facc9714c6859"
  dependencies:
    optimist "~0.3.5"
    through "~2.3.4"

browser-builtins@2.0.5:
  version "2.0.5"
  resolved "https://registry.yarnpkg.com/browser-builtins/-/browser-builtins-2.0.5.tgz#113b8f671f46e0c709ded838750cb604c410223b"
  dependencies:
    buffer-browserify "0.2.x"
    console-browserify "~1.0.1"
    constants-browserify "0.0.x"
    crypto-browserify "1.0.x"
    http-browserify "0.1.x"
    os-browserify "0.1.x"
    punycode "1.2.x"
    vm-browserify "0.0.x"
    zlib-browserify "0.0.x"

browser-pack@~0.11.1:
  version "0.11.1"
  resolved "https://registry.yarnpkg.com/browser-pack/-/browser-pack-0.11.1.tgz#2b354109f9a1356bad16e287cdbdd77889bb82dd"
  dependencies:
    JSONStream "~0.6.4"
    combine-source-map "~0.2.0"
    through "~2.3.4"

browser-resolve@~1.1.0:
  version "1.1.4"
  resolved "https://registry.yarnpkg.com/browser-resolve/-/browser-resolve-1.1.4.tgz#fc3b39ffb060c289d86668870b51326df0e76adc"
  dependencies:
    resolve "0.5.1"

browserify@2.35.1:
  version "2.35.1"
  resolved "https://registry.yarnpkg.com/browserify/-/browserify-2.35.1.tgz#5dc4a534f3ce551a291bb09190e9215590680031"
  dependencies:
    JSONStream "~0.6.4"
    browser-builtins "2.0.5"
    browser-pack "~0.11.1"
    browser-resolve "~1.1.0"
    concat-stream "~1.0.0"
    deep-equal "~0.1.0"
    deps-sort "~0.1.1"
    duplexer "~0.1.1"
    inherits "~1.0.0"
    insert-module-globals "~1.3.0"
    module-deps "~1.0.2"
    optimist "~0.5.1"
    parents "~0.0.1"
    shell-quote "~0.0.1"
    stream-combiner "~0.0.2"
    syntax-error "~0.0.0"
    through "~2.3.4"
    umd "~1.3.0"

buffer-browserify@0.2.x:
  version "0.2.5"
  resolved "https://registry.yarnpkg.com/buffer-browserify/-/buffer-browserify-0.2.5.tgz#29c739d6a4e247b539abc0ada073612002163a21"
  dependencies:
    base64-js "0.0.8"

buffer-crc32@0.2.1:
  version "0.2.1"
  resolved "https://registry.yarnpkg.com/buffer-crc32/-/buffer-crc32-0.2.1.tgz#be3e5382fc02b6d6324956ac1af98aa98b08534c"

bytes@0.2.1:
  version "0.2.1"
  resolved "https://registry.yarnpkg.com/bytes/-/bytes-0.2.1.tgz#555b08abcb063f8975905302523e4cd4ffdfdf31"

callsite@~1.0.0:
  version "1.0.0"
  resolved "https://registry.yarnpkg.com/callsite/-/callsite-1.0.0.tgz#280398e5d664bd74038b6f0905153e6e8af1bc20"

camelcase@^1.0.2:
  version "1.2.1"
  resolved "https://registry.yarnpkg.com/camelcase/-/camelcase-1.2.1.tgz#9bb5304d2e0b56698b2c758b08a3eaa9daa58a39"

colors@0.6.2:
  version "0.6.2"
  resolved "https://registry.yarnpkg.com/colors/-/colors-0.6.2.tgz#2423fe6678ac0c5dae8852e5d0e5be08c997abcc"

combine-source-map@~0.2.0:
  version "0.2.0"
  resolved "https://registry.yarnpkg.com/combine-source-map/-/combine-source-map-0.2.0.tgz#1f798c123a6342fef0e9dc4741757c6ce531131a"
  dependencies:
    convert-source-map "~0.2.3"
    inline-source-map "~0.2.1"
    source-map "~0.1.27"

combined-stream@~0.0.4:
  version "0.0.7"
  resolved "https://registry.yarnpkg.com/combined-stream/-/combined-stream-0.0.7.tgz#0137e657baa5a7541c57ac37ac5fc07d73b4dc1f"
  dependencies:
    delayed-stream "0.0.5"

commander@1.3.2:
  version "1.3.2"
  resolved "https://registry.yarnpkg.com/commander/-/commander-1.3.2.tgz#8a8f30ec670a6fdd64af52f1914b907d79ead5b5"
  dependencies:
    keypress "0.1.x"

commander@2.0.0:
  version "2.0.0"
  resolved "https://registry.yarnpkg.com/commander/-/commander-2.0.0.tgz#d1b86f901f8b64bd941bdeadaf924530393be928"

commondir@~0.0.1:
  version "0.0.2"
  resolved "https://registry.yarnpkg.com/commondir/-/commondir-0.0.2.tgz#c49c8880c6fe96844bb3525dd2e7314050c389ee"

concat-stream@~1.0.0:
  version "1.0.1"
  resolved "https://registry.yarnpkg.com/concat-stream/-/concat-stream-1.0.1.tgz#018b18bc1c7d073a2dc82aa48442341a2c4dd79f"
  dependencies:
    bops "0.0.6"

connect@2.11.0:
  version "2.11.0"
  resolved "https://registry.yarnpkg.com/connect/-/connect-2.11.0.tgz#9991ce09ff9b85d9ead27f9d41d0b2a2df2f9284"
  dependencies:
    buffer-crc32 "0.2.1"
    bytes "0.2.1"
    cookie "0.1.0"
    cookie-signature "1.0.1"
    debug "*"
    fresh "0.2.0"
    methods "0.0.1"
    multiparty "2.2.0"
    negotiator "0.3.0"
    pause "0.0.1"
    qs "0.6.5"
    raw-body "0.0.3"
    send "0.1.4"
    uid2 "0.0.3"

console-browserify@~1.0.1:
  version "1.0.3"
  resolved "https://registry.yarnpkg.com/console-browserify/-/console-browserify-1.0.3.tgz#d3898d2c3a93102f364197f8874b4f92b5286a8e"

constants-browserify@0.0.x:
  version "0.0.1"
  resolved "https://registry.yarnpkg.com/constants-browserify/-/constants-browserify-0.0.1.tgz#92577db527ba6c4cf0a4568d84bc031f441e21f2"

convert-source-map@~0.2.3:
  version "0.2.6"
  resolved "https://registry.yarnpkg.com/convert-source-map/-/convert-source-map-0.2.6.tgz#ae0ed736e8a6344a58b50a894723de5c851de2d4"

cookie-jar@~0.3.0:
  version "0.3.0"
  resolved "https://registry.yarnpkg.com/cookie-jar/-/cookie-jar-0.3.0.tgz#bc9a27d4e2b97e186cd57c9e2063cb99fa68cccc"

cookie-signature@1.0.1:
  version "1.0.1"
  resolved "https://registry.yarnpkg.com/cookie-signature/-/cookie-signature-1.0.1.tgz#44e072148af01e6e8e24afbf12690d68ae698ecb"

cookie@0.1.0:
  version "0.1.0"
  resolved "https://registry.yarnpkg.com/cookie/-/cookie-0.1.0.tgz#90eb469ddce905c866de687efc43131d8801f9d0"

core-util-is@~1.0.0:
  version "1.0.2"
  resolved "https://registry.yarnpkg.com/core-util-is/-/core-util-is-1.0.2.tgz#b5fd54220aa2bc5ab57aab7140c940754503c1a7"

cryptiles@0.2.x:
  version "0.2.2"
  resolved "https://registry.yarnpkg.com/cryptiles/-/cryptiles-0.2.2.tgz#ed91ff1f17ad13d3748288594f8a48a0d26f325c"
  dependencies:
    boom "0.4.x"

crypto-browserify@1.0.x:
  version "1.0.9"
  resolved "https://registry.yarnpkg.com/crypto-browserify/-/crypto-browserify-1.0.9.tgz#cc5449685dfb85eb11c9828acc7cb87ab5bbfcc0"

ctype@0.5.2:
  version "0.5.2"
  resolved "https://registry.yarnpkg.com/ctype/-/ctype-0.5.2.tgz#fe8091d468a373a0b0c9ff8bbfb3425c00973a1d"

debug@*:
  version "3.1.0"
  resolved "https://registry.yarnpkg.com/debug/-/debug-3.1.0.tgz#5bb5a0672628b64149566ba16819e61518c67261"
  dependencies:
    ms "2.0.0"

debug@0.7.3:
  version "0.7.3"
  resolved "https://registry.yarnpkg.com/debug/-/debug-0.7.3.tgz#ba7ae369799066a28d234fb8dad6f05837839da8"

decamelize@^1.0.0:
  version "1.2.0"
  resolved "https://registry.yarnpkg.com/decamelize/-/decamelize-1.2.0.tgz#f6534d15148269b20352e7bee26f501f9a191290"

deep-equal@~0.0.0:
  version "0.0.0"
  resolved "https://registry.yarnpkg.com/deep-equal/-/deep-equal-0.0.0.tgz#99679d3bbd047156fcd450d3d01eeb9068691e83"

deep-equal@~0.1.0:
  version "0.1.2"
  resolved "https://registry.yarnpkg.com/deep-equal/-/deep-equal-0.1.2.tgz#b246c2b80a570a47c11be1d9bd1070ec878b87ce"

defined@~0.0.0:
  version "0.0.0"
  resolved "https://registry.yarnpkg.com/defined/-/defined-0.0.0.tgz#f35eea7d705e933baf13b2f03b3f83d921403b3e"

delayed-stream@0.0.5:
  version "0.0.5"
  resolved "https://registry.yarnpkg.com/delayed-stream/-/delayed-stream-0.0.5.tgz#d4b1f43a93e8296dfe02694f4680bc37a313c73f"

deps-sort@~0.1.1:
  version "0.1.2"
  resolved "https://registry.yarnpkg.com/deps-sort/-/deps-sort-0.1.2.tgz#daa2fb614a17c9637d801e2f55339ae370f3611a"
  dependencies:
    JSONStream "~0.6.4"
    minimist "~0.0.1"
    through "~2.3.4"

detective@~2.1.2:
  version "2.1.2"
  resolved "https://registry.yarnpkg.com/detective/-/detective-2.1.2.tgz#d22ad9f18c82efb3f55fee2e244883da6bbb8e37"
  dependencies:
    escodegen "0.0.15"
    esprima "1.0.2"

duplexer@~0.0.3:
  version "0.0.4"
  resolved "https://registry.yarnpkg.com/duplexer/-/duplexer-0.0.4.tgz#afcb7f1f8b8d74f820726171d5d64ac9e4a8ff20"

duplexer@~0.1.1:
  version "0.1.1"
  resolved "https://registry.yarnpkg.com/duplexer/-/duplexer-0.1.1.tgz#ace6ff808c1ce66b57d1ebf97977acb02334cfc1"

escodegen@0.0.15:
  version "0.0.15"
  resolved "https://registry.yarnpkg.com/escodegen/-/escodegen-0.0.15.tgz#ffda9cb26b70b34f7cc19f1d88756539afb543bd"
  dependencies:
    esprima ">= 1.0.0"
  optionalDependencies:
    source-map ">= 0.1.2"

esprima@1.0.2:
  version "1.0.2"
  resolved "https://registry.yarnpkg.com/esprima/-/esprima-1.0.2.tgz#8039bf9ceac4d9d2c15f623264fb292b5502ceaf"

"esprima@>= 1.0.0":
  version "4.0.0"
  resolved "https://registry.yarnpkg.com/esprima/-/esprima-4.0.0.tgz#4499eddcd1110e0b218bacf2fa7f7f59f55ca804"

esprima@~0.9.9:
  version "0.9.9"
  resolved "https://registry.yarnpkg.com/esprima/-/esprima-0.9.9.tgz#1b90925c975d632d7282939c3bb9c3a423c30490"

express-state@1.0.2:
  version "1.0.2"
  resolved "https://registry.yarnpkg.com/express-state/-/express-state-1.0.2.tgz#c7d57f48ce6da8f9447cb4c56222876b1ed86df7"

express@3.4.4:
  version "3.4.4"
  resolved "https://registry.yarnpkg.com/express/-/express-3.4.4.tgz#0b63ae626c96b71b78d13dfce079c10351635a86"
  dependencies:
    buffer-crc32 "0.2.1"
    commander "1.3.2"
    connect "2.11.0"
    cookie "0.1.0"
    cookie-signature "1.0.1"
    debug "*"
    fresh "0.2.0"
    methods "0.1.0"
    mkdirp "0.3.5"
    range-parser "0.0.4"
    send "0.1.4"

forEachAsync@~2.2:
  version "2.2.1"
  resolved "https://registry.yarnpkg.com/forEachAsync/-/forEachAsync-2.2.1.tgz#e3723f00903910e1eb4b1db3ad51b5c64a319fec"
  dependencies:
    sequence "2.x"

forever-agent@~0.5.0:
  version "0.5.2"
  resolved "https://registry.yarnpkg.com/forever-agent/-/forever-agent-0.5.2.tgz#6d0e09c4921f94a27f63d3b49c5feff1ea4c5130"

form-data@0.0.8:
  version "0.0.8"
  resolved "https://registry.yarnpkg.com/form-data/-/form-data-0.0.8.tgz#0890cd1005c5ccecc0b9d24a88052c92442d0db5"
  dependencies:
    async "~0.2.7"
    combined-stream "~0.0.4"
    mime "~1.2.2"

form-data@~0.0.3:
  version "0.0.10"
  resolved "https://registry.yarnpkg.com/form-data/-/form-data-0.0.10.tgz#db345a5378d86aeeb1ed5d553b869ac192d2f5ed"
  dependencies:
    async "~0.2.7"
    combined-stream "~0.0.4"
    mime "~1.2.2"

fresh@0.2.0:
  version "0.2.0"
  resolved "https://registry.yarnpkg.com/fresh/-/fresh-0.2.0.tgz#bfd9402cf3df12c4a4c310c79f99a3dde13d34a7"

glob@~3.1.11:
  version "3.1.21"
  resolved "https://registry.yarnpkg.com/glob/-/glob-3.1.21.tgz#d29e0a055dea5138f4d07ed40e8982e83c2066cd"
  dependencies:
    graceful-fs "~1.2.0"
    inherits "1"
    minimatch "~0.2.11"

graceful-fs@~1.2.0:
  version "1.2.3"
  resolved "https://registry.yarnpkg.com/graceful-fs/-/graceful-fs-1.2.3.tgz#15a4806a57547cb2d2dbf27f42e89a8c3451b364"

handlebars@1.0.12:
  version "1.0.12"
  resolved "https://registry.yarnpkg.com/handlebars/-/handlebars-1.0.12.tgz#18c6d3440c35e91b19b3ff582b9151ab4985d4fc"
  dependencies:
    optimist "~0.3"
    uglify-js "~2.3"

hawk@~0.13.0:
  version "0.13.1"
  resolved "https://registry.yarnpkg.com/hawk/-/hawk-0.13.1.tgz#3617958821f58311e4d7f6de291fca662b412ef4"
  dependencies:
    boom "0.4.x"
    cryptiles "0.2.x"
    hoek "0.8.x"
    sntp "0.2.x"

hbs@2.4.0:
  version "2.4.0"
  resolved "https://registry.yarnpkg.com/hbs/-/hbs-2.4.0.tgz#f4c956cb660d6974dc61214b7c49a21f6aaa3f51"
  dependencies:
    handlebars "1.0.12"
    walk "2.2.1"

hoek@0.8.x:
  version "0.8.5"
  resolved "https://registry.yarnpkg.com/hoek/-/hoek-0.8.5.tgz#1e9fd770ef7ebe0274adfcb5b0806a025a5e4e9f"

hoek@0.9.x:
  version "0.9.1"
  resolved "https://registry.yarnpkg.com/hoek/-/hoek-0.9.1.tgz#3d322462badf07716ea7eb85baf88079cddce505"

http-browserify@0.1.x:
  version "0.1.14"
  resolved "https://registry.yarnpkg.com/http-browserify/-/http-browserify-0.1.14.tgz#9c8b3f94002204547c7cbe5269afe2ea62f71c7f"
  dependencies:
    Base64 "~0.1.2"
    concat-stream "~1.0.0"

http-signature@~0.9.11:
  version "0.9.11"
  resolved "https://registry.yarnpkg.com/http-signature/-/http-signature-0.9.11.tgz#9e882714572315e6790a5d0a7955efff1f19e653"
  dependencies:
    asn1 "0.1.11"
    assert-plus "0.1.2"
    ctype "0.5.2"

iconv-lite@~0.2.11:
  version "0.2.11"
  resolved "https://registry.yarnpkg.com/iconv-lite/-/iconv-lite-0.2.11.tgz#1ce60a3a57864a292d1321ff4609ca4bb965adc8"

indexof@0.0.1:
  version "0.0.1"
  resolved "https://registry.yarnpkg.com/indexof/-/indexof-0.0.1.tgz#82dc336d232b9062179d05ab3293a66059fd435d"

inherits@1, inherits@~1.0.0:
  version "1.0.2"
  resolved "https://registry.yarnpkg.com/inherits/-/inherits-1.0.2.tgz#ca4309dadee6b54cc0b8d247e8d7c7a0975bdc9b"

inherits@~2.0.1:
  version "2.0.3"
  resolved "https://registry.yarnpkg.com/inherits/-/inherits-2.0.3.tgz#633c2c83e3da42a502f52466022480f4208261de"

inline-source-map@~0.2.1:
  version "0.2.5"
  resolved "https://registry.yarnpkg.com/inline-source-map/-/inline-source-map-0.2.5.tgz#242ff6c18b9fb0934f7a9e83c14219c61c131670"
  dependencies:
    source-map "~0.1.25"

insert-module-globals@~1.3.0:
  version "1.3.1"
  resolved "https://registry.yarnpkg.com/insert-module-globals/-/insert-module-globals-1.3.1.tgz#4b947dd49712b24fb29ecb506768b2a26a2c573f"
  dependencies:
    JSONStream "~0.4.3"
    commondir "~0.0.1"
    duplexer "~0.0.3"
    lexical-scope "~0.0.5"
    process "~0.5.1"
    through "~2.2.0"

isarray@0.0.1:
  version "0.0.1"
  resolved "https://registry.yarnpkg.com/isarray/-/isarray-0.0.1.tgz#8a18acfca9a8f4177e09abfc6038939b05d1eedf"

json-stringify-safe@~4.0.0:
  version "4.0.0"
  resolved "https://registry.yarnpkg.com/json-stringify-safe/-/json-stringify-safe-4.0.0.tgz#77c271aaea54302e68efeaccb56abbf06a9b1a54"

jsonify@~0.0.0:
  version "0.0.0"
  resolved "https://registry.yarnpkg.com/jsonify/-/jsonify-0.0.0.tgz#2c74b6ee41d93ca51b7b5aaee8f503631d252a73"

jsonparse@0.0.5:
  version "0.0.5"
  resolved "https://registry.yarnpkg.com/jsonparse/-/jsonparse-0.0.5.tgz#330542ad3f0a654665b778f3eb2d9a9fa507ac64"

keypress@0.1.x:
  version "0.1.0"
  resolved "https://registry.yarnpkg.com/keypress/-/keypress-0.1.0.tgz#4a3188d4291b66b4f65edb99f806aa9ae293592a"

lexical-scope@~0.0.5:
  version "0.0.15"
  resolved "https://registry.yarnpkg.com/lexical-scope/-/lexical-scope-0.0.15.tgz#ca595997aaed87b155cb041f48dc0438f48a04dc"
  dependencies:
    astw "~0.0.0"

localtunnel@0.1.1:
  version "0.1.1"
  resolved "https://registry.yarnpkg.com/localtunnel/-/localtunnel-0.1.1.tgz#730d6198d04d2aee3e37c9a0e44319301b9687d7"
  dependencies:
    optimist "0.3.4"
    request "2.11.4"

lodash@~1.3.1:
  version "1.3.1"
  resolved "https://registry.yarnpkg.com/lodash/-/lodash-1.3.1.tgz#a4663b53686b895ff074e2ba504dfb76a8e2b770"

lru-cache@2:
  version "2.7.3"
  resolved "https://registry.yarnpkg.com/lru-cache/-/lru-cache-2.7.3.tgz#6d4524e8b955f95d4f5b58851ce21dd72fb4e952"

methods@0.0.1:
  version "0.0.1"
  resolved "https://registry.yarnpkg.com/methods/-/methods-0.0.1.tgz#277c90f8bef39709645a8371c51c3b6c648e068c"

methods@0.1.0:
  version "0.1.0"
  resolved "https://registry.yarnpkg.com/methods/-/methods-0.1.0.tgz#335d429eefd21b7bacf2e9c922a8d2bd14a30e4f"

mime@~1.2.2, mime@~1.2.7, mime@~1.2.9:
  version "1.2.11"
  resolved "https://registry.yarnpkg.com/mime/-/mime-1.2.11.tgz#58203eed86e3a5ef17aed2b7d9ebd47f0a60dd10"

minimatch@~0.2.11:
  version "0.2.14"
  resolved "https://registry.yarnpkg.com/minimatch/-/minimatch-0.2.14.tgz#c74e780574f63c6f9a090e90efbe6ef53a6a756a"
  dependencies:
    lru-cache "2"
    sigmund "~1.0.0"

minimist@~0.0.1:
  version "0.0.10"
  resolved "https://registry.yarnpkg.com/minimist/-/minimist-0.0.10.tgz#de3f98543dbf96082be48ad1a0c7cda836301dcf"

mkdirp@0.3.5:
  version "0.3.5"
  resolved "https://registry.yarnpkg.com/mkdirp/-/mkdirp-0.3.5.tgz#de3e5f8961c88c787ee1368df849ac4413eca8d7"

module-deps@~1.0.2:
  version "1.0.2"
  resolved "https://registry.yarnpkg.com/module-deps/-/module-deps-1.0.2.tgz#5ee83cfd70ba883869fa6cbaeb82334a8f069fcb"
  dependencies:
    JSONStream "~0.6.4"
    browser-resolve "~1.1.0"
    concat-stream "~1.0.0"
    detective "~2.1.2"
    minimist "~0.0.1"
    resolve "~0.4.0"
    through "~2.3.4"

ms@2.0.0:
  version "2.0.0"
  resolved "https://registry.yarnpkg.com/ms/-/ms-2.0.0.tgz#5608aeadfc00be6c2901df5f9861788de0d597c8"

multiparty@2.2.0:
  version "2.2.0"
  resolved "https://registry.yarnpkg.com/multiparty/-/multiparty-2.2.0.tgz#a567c2af000ad22dc8f2a653d91978ae1f5316f4"
  dependencies:
    readable-stream "~1.1.9"
    stream-counter "~0.2.0"

negotiator@0.3.0:
  version "0.3.0"
  resolved "https://registry.yarnpkg.com/negotiator/-/negotiator-0.3.0.tgz#706d692efeddf574d57ea9fb1ab89a4fa7ee8f60"

node-uuid@~1.4.0:
  version "1.4.8"
  resolved "https://registry.yarnpkg.com/node-uuid/-/node-uuid-1.4.8.tgz#b040eb0923968afabf8d32fb1f17f1167fdab907"

oauth-sign@~0.3.0:
  version "0.3.0"
  resolved "https://registry.yarnpkg.com/oauth-sign/-/oauth-sign-0.3.0.tgz#cb540f93bb2b22a7d5941691a288d60e8ea9386e"

object-keys@~0.4.0:
  version "0.4.0"
  resolved "https://registry.yarnpkg.com/object-keys/-/object-keys-0.4.0.tgz#28a6aae7428dd2c3a92f3d95f21335dd204e0336"

optimist@0.3.4:
  version "0.3.4"
  resolved "https://registry.yarnpkg.com/optimist/-/optimist-0.3.4.tgz#4d6d0bd71ffad0da4ba4f6d876d5eeb04e07480b"
  dependencies:
    wordwrap "~0.0.2"

optimist@~0.3, optimist@~0.3.5:
  version "0.3.7"
  resolved "https://registry.yarnpkg.com/optimist/-/optimist-0.3.7.tgz#c90941ad59e4273328923074d2cf2e7cbc6ec0d9"
  dependencies:
    wordwrap "~0.0.2"

optimist@~0.5.1:
  version "0.5.2"
  resolved "https://registry.yarnpkg.com/optimist/-/optimist-0.5.2.tgz#85c8c1454b3315e4a78947e857b1df033450bfbc"
  dependencies:
    wordwrap "~0.0.2"

os-browserify@0.1.x:
  version "0.1.2"
  resolved "https://registry.yarnpkg.com/os-browserify/-/os-browserify-0.1.2.tgz#49ca0293e0b19590a5f5de10c7f265a617d8fe54"

osenv@0.0.3:
  version "0.0.3"
  resolved "https://registry.yarnpkg.com/osenv/-/osenv-0.0.3.tgz#cd6ad8ddb290915ad9e22765576025d411f29cb6"

parents@~0.0.1:
  version "0.0.3"
  resolved "https://registry.yarnpkg.com/parents/-/parents-0.0.3.tgz#fa212f024d9fa6318dbb6b4ce676c8be493b9c43"
  dependencies:
    path-platform "^0.0.1"

path-platform@^0.0.1:
  version "0.0.1"
  resolved "https://registry.yarnpkg.com/path-platform/-/path-platform-0.0.1.tgz#b5585d7c3c463d89aa0060d86611cf1afd617e2a"

pause@0.0.1:
  version "0.0.1"
  resolved "https://registry.yarnpkg.com/pause/-/pause-0.0.1.tgz#1d408b3fdb76923b9543d96fb4c9dfd535d9cb5d"

process@~0.5.1:
  version "0.5.2"
  resolved "https://registry.yarnpkg.com/process/-/process-0.5.2.tgz#1638d8a8e34c2f440a91db95ab9aeb677fc185cf"

punycode@1.2.x:
  version "1.2.4"
  resolved "https://registry.yarnpkg.com/punycode/-/punycode-1.2.4.tgz#54008ac972aec74175def9cba6df7fa9d3918740"

q@~0.9.7:
  version "0.9.7"
  resolved "https://registry.yarnpkg.com/q/-/q-0.9.7.tgz#4de2e6cb3b29088c9e4cbc03bf9d42fb96ce2f75"

qs@0.6.5:
  version "0.6.5"
  resolved "https://registry.yarnpkg.com/qs/-/qs-0.6.5.tgz#294b268e4b0d4250f6dde19b3b8b34935dff14ef"

qs@~0.6.0:
  version "0.6.6"
  resolved "https://registry.yarnpkg.com/qs/-/qs-0.6.6.tgz#6e015098ff51968b8a3c819001d5f2c89bc4b107"

range-parser@0.0.4:
  version "0.0.4"
  resolved "https://registry.yarnpkg.com/range-parser/-/range-parser-0.0.4.tgz#c0427ffef51c10acba0782a46c9602e744ff620b"

raw-body@0.0.3:
  version "0.0.3"
  resolved "https://registry.yarnpkg.com/raw-body/-/raw-body-0.0.3.tgz#0cb3eb22ced1ca607d32dd8fd94a6eb383f3eb8a"

readable-stream@~1.0.2:
  version "1.0.34"
  resolved "https://registry.yarnpkg.com/readable-stream/-/readable-stream-1.0.34.tgz#125820e34bc842d2f2aaafafe4c2916ee32c157c"
  dependencies:
    core-util-is "~1.0.0"
    inherits "~2.0.1"
    isarray "0.0.1"
    string_decoder "~0.10.x"

readable-stream@~1.1.8, readable-stream@~1.1.9:
  version "1.1.14"
  resolved "https://registry.yarnpkg.com/readable-stream/-/readable-stream-1.1.14.tgz#7cf4c54ef648e3813084c636dd2079e166c081d9"
  dependencies:
    core-util-is "~1.0.0"
    inherits "~2.0.1"
    isarray "0.0.1"
    string_decoder "~0.10.x"

request@2.11.4:
  version "2.11.4"
  resolved "https://registry.yarnpkg.com/request/-/request-2.11.4.tgz#6347d7d44e52dc588108cc1ce5cee975fc8926de"
  dependencies:
    form-data "~0.0.3"
    mime "~1.2.7"

request@~2.21.0:
  version "2.21.0"
  resolved "https://registry.yarnpkg.com/request/-/request-2.21.0.tgz#5728ab9c45e5a87c99daccd530298b6673a868d7"
  dependencies:
    aws-sign "~0.3.0"
    cookie-jar "~0.3.0"
    forever-agent "~0.5.0"
    form-data "0.0.8"
    hawk "~0.13.0"
    http-signature "~0.9.11"
    json-stringify-safe "~4.0.0"
    mime "~1.2.9"
    node-uuid "~1.4.0"
    oauth-sign "~0.3.0"
    qs "~0.6.0"
    tunnel-agent "~0.3.0"

resolve@0.5.1:
  version "0.5.1"
  resolved "https://registry.yarnpkg.com/resolve/-/resolve-0.5.1.tgz#15e4a222c4236bcd4cf85454412c2d0fb6524576"

resolve@~0.3.0:
  version "0.3.1"
  resolved "https://registry.yarnpkg.com/resolve/-/resolve-0.3.1.tgz#34c63447c664c70598d1c9b126fc43b2a24310a4"

resolve@~0.4.0:
  version "0.4.3"
  resolved "https://registry.yarnpkg.com/resolve/-/resolve-0.4.3.tgz#dcadad202e7cacc2467e3a38800211f42f9c13df"

rfile@~1.0, rfile@~1.0.0:
  version "1.0.0"
  resolved "https://registry.yarnpkg.com/rfile/-/rfile-1.0.0.tgz#59708cf90ca1e74c54c3cfc5c36fdb9810435261"
  dependencies:
    callsite "~1.0.0"
    resolve "~0.3.0"

ruglify@~1.0.0:
  version "1.0.0"
  resolved "https://registry.yarnpkg.com/ruglify/-/ruglify-1.0.0.tgz#dc8930e2a9544a274301cc9972574c0d0986b675"
  dependencies:
    rfile "~1.0"
    uglify-js "~2.2"

send@0.1.4:
  version "0.1.4"
  resolved "https://registry.yarnpkg.com/send/-/send-0.1.4.tgz#be70d8d1be01de61821af13780b50345a4f71abd"
  dependencies:
    debug "*"
    fresh "0.2.0"
    mime "~1.2.9"
    range-parser "0.0.4"

sequence@2.x:
  version "2.2.1"
  resolved "https://registry.yarnpkg.com/sequence/-/sequence-2.2.1.tgz#7f5617895d44351c0a047e764467690490a16b03"

shallow-copy@0.0.1:
  version "0.0.1"
  resolved "https://registry.yarnpkg.com/shallow-copy/-/shallow-copy-0.0.1.tgz#415f42702d73d810330292cc5ee86eae1a11a170"

shell-quote@1.4.0:
  version "1.4.0"
  resolved "https://registry.yarnpkg.com/shell-quote/-/shell-quote-1.4.0.tgz#0715683372d6a87dad8b098812ef72d24620c1b5"

shell-quote@~0.0.1:
  version "0.0.1"
  resolved "https://registry.yarnpkg.com/shell-quote/-/shell-quote-0.0.1.tgz#1a41196f3c0333c482323593d6886ecf153dd986"

sigmund@~1.0.0:
  version "1.0.1"
  resolved "https://registry.yarnpkg.com/sigmund/-/sigmund-1.0.1.tgz#3ff21f198cad2175f9f3b781853fd94d0d19b590"

sntp@0.2.x:
  version "0.2.4"
  resolved "https://registry.yarnpkg.com/sntp/-/sntp-0.2.4.tgz#fb885f18b0f3aad189f824862536bceeec750900"
  dependencies:
    hoek "0.9.x"

source-map@0.1.34:
  version "0.1.34"
  resolved "https://registry.yarnpkg.com/source-map/-/source-map-0.1.34.tgz#a7cfe89aec7b1682c3b198d0acfb47d7d090566b"
  dependencies:
    amdefine ">=0.0.4"

"source-map@>= 0.1.2":
  version "0.7.3"
  resolved "https://registry.yarnpkg.com/source-map/-/source-map-0.7.3.tgz#5302f8169031735226544092e64981f751750383"

source-map@~0.1.25, source-map@~0.1.27, source-map@~0.1.7:
  version "0.1.43"
  resolved "https://registry.yarnpkg.com/source-map/-/source-map-0.1.43.tgz#c24bc146ca517c1471f5dacbe2571b2b7f9e3346"
  dependencies:
    amdefine ">=0.0.4"

stream-combiner@~0.0.2:
  version "0.0.4"
  resolved "https://registry.yarnpkg.com/stream-combiner/-/stream-combiner-0.0.4.tgz#4d5e433c185261dde623ca3f44c586bcf5c4ad14"
  dependencies:
    duplexer "~0.1.1"

stream-counter@~0.2.0:
  version "0.2.0"
  resolved "https://registry.yarnpkg.com/stream-counter/-/stream-counter-0.2.0.tgz#ded266556319c8b0e222812b9cf3b26fa7d947de"
  dependencies:
    readable-stream "~1.1.8"

string_decoder@~0.10.x:
  version "0.10.31"
  resolved "https://registry.yarnpkg.com/string_decoder/-/string_decoder-0.10.31.tgz#62e203bc41766c6c28c9fc84301dab1c5310fa94"

superstack@0.0.4:
  version "0.0.4"
  resolved "https://registry.yarnpkg.com/superstack/-/superstack-0.0.4.tgz#6fe87b7913e0fd748ab33e333b5ae87eb020935c"

syntax-error@~0.0.0:
  version "0.0.1"
  resolved "https://registry.yarnpkg.com/syntax-error/-/syntax-error-0.0.1.tgz#019d075348cd8c5b79f0603c73e53891a7c5235d"
  dependencies:
    esprima "~0.9.9"

synthetic-dom-events@~0.0.0:
  version "0.0.0"
  resolved "https://registry.yarnpkg.com/synthetic-dom-events/-/synthetic-dom-events-0.0.0.tgz#a30c587252928f6d1d8e12a59309871650ef6acb"

tape@~0.2.2:
  version "0.2.2"
  resolved "https://registry.yarnpkg.com/tape/-/tape-0.2.2.tgz#64ccfa4b7ecf4a0060007e61716d424781671637"
  dependencies:
    deep-equal "~0.0.0"
    defined "~0.0.0"
    jsonify "~0.0.0"

through@~2.2.0, through@~2.2.7:
  version "2.2.7"
  resolved "https://registry.yarnpkg.com/through/-/through-2.2.7.tgz#6e8e21200191d4eb6a99f6f010df46aa1c6eb2bd"

through@~2.3.4:
  version "2.3.8"
  resolved "https://registry.yarnpkg.com/through/-/through-2.3.8.tgz#0dd4c9ffaabc357960b1b724115d7e0e86a2e1f5"

to-utf8@0.0.1:
  version "0.0.1"
  resolved "https://registry.yarnpkg.com/to-utf8/-/to-utf8-0.0.1.tgz#d17aea72ff2fba39b9e43601be7b3ff72e089852"

tunnel-agent@~0.3.0:
  version "0.3.0"
  resolved "https://registry.yarnpkg.com/tunnel-agent/-/tunnel-agent-0.3.0.tgz#ad681b68f5321ad2827c4cfb1b7d5df2cfe942ee"

uglify-js@~2.2:
  version "2.2.5"
  resolved "https://registry.yarnpkg.com/uglify-js/-/uglify-js-2.2.5.tgz#a6e02a70d839792b9780488b7b8b184c095c99c7"
  dependencies:
    optimist "~0.3.5"
    source-map "~0.1.7"

uglify-js@~2.3:
  version "2.3.6"
  resolved "https://registry.yarnpkg.com/uglify-js/-/uglify-js-2.3.6.tgz#fa0984770b428b7a9b2a8058f46355d14fef211a"
  dependencies:
    async "~0.2.6"
    optimist "~0.3.5"
    source-map "~0.1.7"

uglify-js@~2.4.0:
  version "2.4.24"
  resolved "https://registry.yarnpkg.com/uglify-js/-/uglify-js-2.4.24.tgz#fad5755c1e1577658bb06ff9ab6e548c95bebd6e"
  dependencies:
    async "~0.2.6"
    source-map "0.1.34"
    uglify-to-browserify "~1.0.0"
    yargs "~3.5.4"

uglify-to-browserify@~1.0.0:
  version "1.0.2"
  resolved "https://registry.yarnpkg.com/uglify-to-browserify/-/uglify-to-browserify-1.0.2.tgz#6e0924d6bda6b5afe349e39a6d632850a0f882b7"

uid2@0.0.3:
  version "0.0.3"
  resolved "https://registry.yarnpkg.com/uid2/-/uid2-0.0.3.tgz#483126e11774df2f71b8b639dcd799c376162b82"

umd@~1.3.0:
  version "1.3.1"
  resolved "https://registry.yarnpkg.com/umd/-/umd-1.3.1.tgz#fce557c2dbf731fbc207832ff35f6a5857182589"
  dependencies:
    rfile "~1.0.0"
    ruglify "~1.0.0"
    through "~2.3.4"
    uglify-js "~2.4.0"

underscore.string@~2.4.0:
  version "2.4.0"
  resolved "https://registry.yarnpkg.com/underscore.string/-/underscore.string-2.4.0.tgz#8cdd8fbac4e2d2ea1e7e2e8097c42f442280f85b"

underscore@~1.7.0:
  version "1.7.0"
  resolved "https://registry.yarnpkg.com/underscore/-/underscore-1.7.0.tgz#6bbaf0877500d36be34ecaa584e0db9fef035209"

vargs@~0.1.0:
  version "0.1.0"
  resolved "https://registry.yarnpkg.com/vargs/-/vargs-0.1.0.tgz#6b6184da6520cc3204ce1b407cac26d92609ebff"

vm-browserify@0.0.x:
  version "0.0.4"
  resolved "https://registry.yarnpkg.com/vm-browserify/-/vm-browserify-0.0.4.tgz#5d7ea45bbef9e4a6ff65f95438e0a87c357d5a73"
  dependencies:
    indexof "0.0.1"

walk@2.2.1:
  version "2.2.1"
  resolved "https://registry.yarnpkg.com/walk/-/walk-2.2.1.tgz#5ada1f8e49e47d4b7445d8be7a2e1e631ab43016"
  dependencies:
    forEachAsync "~2.2"

wd@0.2.2:
  version "0.2.2"
  resolved "https://registry.yarnpkg.com/wd/-/wd-0.2.2.tgz#3358bf23d58622c8b6422d356eeaf76ed8d0e320"
  dependencies:
    archiver "~0.4.10"
    async "~0.2.9"
    lodash "~1.3.1"
    q "~0.9.7"
    request "~2.21.0"
    vargs "~0.1.0"

window-size@0.1.0:
  version "0.1.0"
  resolved "https://registry.yarnpkg.com/window-size/-/window-size-0.1.0.tgz#5438cd2ea93b202efa3a19fe8887aee7c94f9c9d"

wordwrap@0.0.2:
  version "0.0.2"
  resolved "https://registry.yarnpkg.com/wordwrap/-/wordwrap-0.0.2.tgz#b79669bb42ecb409f83d583cad52ca17eaa1643f"

wordwrap@~0.0.2:
  version "0.0.3"
  resolved "https://registry.yarnpkg.com/wordwrap/-/wordwrap-0.0.3.tgz#a3d5da6cd5c0bc0008d37234bbaf1bed63059107"

xtend@2.1.1:
  version "2.1.1"
  resolved "https://registry.yarnpkg.com/xtend/-/xtend-2.1.1.tgz#d97a083e97cef3a331c4e9bd0201356711849b9f"
  dependencies:
    object-keys "~0.4.0"

xtend@^4.0.1:
  version "4.0.1"
  resolved "https://registry.yarnpkg.com/xtend/-/xtend-4.0.1.tgz#a5c6d532be656e23db820efb943a1f04998d63af"

yamljs@0.1.4:
  version "0.1.4"
  resolved "https://registry.yarnpkg.com/yamljs/-/yamljs-0.1.4.tgz#665789afc2ad4b902bf403f00e85b6434e0f3300"
  dependencies:
    argparse "~0.1.4"
    glob "~3.1.11"

yargs@~3.5.4:
  version "3.5.4"
  resolved "https://registry.yarnpkg.com/yargs/-/yargs-3.5.4.tgz#d8aff8f665e94c34bd259bdebd1bfaf0ddd35361"
  dependencies:
    camelcase "^1.0.2"
    decamelize "^1.0.0"
    window-size "0.1.0"
    wordwrap "0.0.2"

zlib-browserify@0.0.x:
  version "0.0.3"
  resolved "https://registry.yarnpkg.com/zlib-browserify/-/zlib-browserify-0.0.3.tgz#240ccdbfd0203fa842b130deefb1414122c8cc50"
  dependencies:
    tape "~0.2.2"

zuul@~1.0.4:
  version "1.0.10"
  resolved "https://registry.yarnpkg.com/zuul/-/zuul-1.0.10.tgz#60063e46d0dd2f92b997383e242787f05eb5b7b6"
  dependencies:
    batch "0.5.0"
    bouncy "3.2.1"
    browserify "2.35.1"
    colors "0.6.2"
    commander "2.0.0"
    debug "0.7.3"
    express "3.4.4"
    express-state "1.0.2"
    hbs "2.4.0"
    localtunnel "0.1.1"
    osenv "0.0.3"
    shallow-copy "0.0.1"
    shell-quote "1.4.0"
    superstack "0.0.4"
    wd "0.2.2"
    xtend "2.1.1"
    yamljs "0.1.4"
